lockfileVersion: '6.0'

settings:
  autoInstallPeers: true
  excludeLinksFromLockfile: false

dependencies:
  '@codemirror/lang-markdown':
    specifier: ^6.2.4
    version: 6.2.4
  '@codemirror/language-data':
    specifier: ^6.4.1
    version: 6.4.1(@codemirror/view@6.24.1)
  '@uiw/codemirror-theme-dracula':
    specifier: ^4.21.24
    version: 4.21.24(@codemirror/language@6.10.1)(@codemirror/state@6.4.1)(@codemirror/view@6.24.1)
  '@uiw/react-codemirror':
    specifier: ^4.21.24
    version: 4.21.24(@babel/runtime@7.24.0)(@codemirror/autocomplete@6.12.0)(@codemirror/language@6.10.1)(@codemirror/lint@6.5.0)(@codemirror/search@6.5.6)(@codemirror/state@6.4.1)(@codemirror/theme-one-dark@6.1.2)(@codemirror/view@6.24.1)(codemirror@6.0.1)(react-dom@18.2.0)(react@18.2.0)

packages:

  /@babel/runtime@7.24.0:
    resolution: {integrity: sha512-Chk32uHMg6TnQdvw2e9IlqPpFX/6NLuK0Ys2PqLb7/gL5uFn9mXvK715FGLlOLQrcO4qIkNHkvPGktzzXexsFw==}
    engines: {node: '>=6.9.0'}
    dependencies:
      regenerator-runtime: 0.14.1
    dev: false

  /@codemirror/autocomplete@6.12.0(@codemirror/language@6.10.1)(@codemirror/state@6.4.1)(@codemirror/view@6.24.1)(@lezer/common@1.2.1):
    resolution: {integrity: sha512-r4IjdYFthwbCQyvqnSlx0WBHRHi8nBvU+WjJxFUij81qsBfhNudf/XKKmmC2j3m0LaOYUQTf3qiEK1J8lO1sdg==}
    peerDependencies:
      '@codemirror/language': ^6.0.0
      '@codemirror/state': ^6.0.0
      '@codemirror/view': ^6.0.0
      '@lezer/common': ^1.0.0
    dependencies:
      '@codemirror/language': 6.10.1
      '@codemirror/state': 6.4.1
      '@codemirror/view': 6.24.1
      '@lezer/common': 1.2.1
    dev: false

  /@codemirror/commands@6.3.3:
    resolution: {integrity: sha512-dO4hcF0fGT9tu1Pj1D2PvGvxjeGkbC6RGcZw6Qs74TH+Ed1gw98jmUgd2axWvIZEqTeTuFrg1lEB1KV6cK9h1A==}
    dependencies:
      '@codemirror/language': 6.10.1
      '@codemirror/state': 6.4.1
      '@codemirror/view': 6.24.1
      '@lezer/common': 1.2.1
    dev: false

  /@codemirror/lang-angular@0.1.3:
    resolution: {integrity: sha512-xgeWGJQQl1LyStvndWtruUvb4SnBZDAu/gvFH/ZU+c0W25tQR8e5hq7WTwiIY2dNxnf+49mRiGI/9yxIwB6f5w==}
    dependencies:
      '@codemirror/lang-html': 6.4.8
      '@codemirror/lang-javascript': 6.2.2
      '@codemirror/language': 6.10.1
      '@lezer/common': 1.2.1
      '@lezer/highlight': 1.2.0
      '@lezer/lr': 1.4.0
    dev: false

  /@codemirror/lang-cpp@6.0.2:
    resolution: {integrity: sha512-6oYEYUKHvrnacXxWxYa6t4puTlbN3dgV662BDfSH8+MfjQjVmP697/KYTDOqpxgerkvoNm7q5wlFMBeX8ZMocg==}
    dependencies:
      '@codemirror/language': 6.10.1
      '@lezer/cpp': 1.1.2
    dev: false

  /@codemirror/lang-css@6.2.1(@codemirror/view@6.24.1):
    resolution: {integrity: sha512-/UNWDNV5Viwi/1lpr/dIXJNWiwDxpw13I4pTUAsNxZdg6E0mI2kTQb0P2iHczg1Tu+H4EBgJR+hYhKiHKko7qg==}
    dependencies:
      '@codemirror/autocomplete': 6.12.0(@codemirror/language@6.10.1)(@codemirror/state@6.4.1)(@codemirror/view@6.24.1)(@lezer/common@1.2.1)
      '@codemirror/language': 6.10.1
      '@codemirror/state': 6.4.1
      '@lezer/common': 1.2.1
      '@lezer/css': 1.1.8
    transitivePeerDependencies:
      - '@codemirror/view'
    dev: false

  /@codemirror/lang-html@6.4.8:
    resolution: {integrity: sha512-tE2YK7wDlb9ZpAH6mpTPiYm6rhfdQKVDa5r9IwIFlwwgvVaKsCfuKKZoJGWsmMZIf3FQAuJ5CHMPLymOtg1hXw==}
    dependencies:
      '@codemirror/autocomplete': 6.12.0(@codemirror/language@6.10.1)(@codemirror/state@6.4.1)(@codemirror/view@6.24.1)(@lezer/common@1.2.1)
      '@codemirror/lang-css': 6.2.1(@codemirror/view@6.24.1)
      '@codemirror/lang-javascript': 6.2.2
      '@codemirror/language': 6.10.1
      '@codemirror/state': 6.4.1
      '@codemirror/view': 6.24.1
      '@lezer/common': 1.2.1
      '@lezer/css': 1.1.8
      '@lezer/html': 1.3.9
    dev: false

  /@codemirror/lang-java@6.0.1:
    resolution: {integrity: sha512-OOnmhH67h97jHzCuFaIEspbmsT98fNdhVhmA3zCxW0cn7l8rChDhZtwiwJ/JOKXgfm4J+ELxQihxaI7bj7mJRg==}
    dependencies:
      '@codemirror/language': 6.10.1
      '@lezer/java': 1.1.1
    dev: false

  /@codemirror/lang-javascript@6.2.2:
    resolution: {integrity: sha512-VGQfY+FCc285AhWuwjYxQyUQcYurWlxdKYT4bqwr3Twnd5wP5WSeu52t4tvvuWmljT4EmgEgZCqSieokhtY8hg==}
    dependencies:
      '@codemirror/autocomplete': 6.12.0(@codemirror/language@6.10.1)(@codemirror/state@6.4.1)(@codemirror/view@6.24.1)(@lezer/common@1.2.1)
      '@codemirror/language': 6.10.1
      '@codemirror/lint': 6.5.0
      '@codemirror/state': 6.4.1
      '@codemirror/view': 6.24.1
      '@lezer/common': 1.2.1
      '@lezer/javascript': 1.4.13
    dev: false

  /@codemirror/lang-json@6.0.1:
    resolution: {integrity: sha512-+T1flHdgpqDDlJZ2Lkil/rLiRy684WMLc74xUnjJH48GQdfJo/pudlTRreZmKwzP8/tGdKf83wlbAdOCzlJOGQ==}
    dependencies:
      '@codemirror/language': 6.10.1
      '@lezer/json': 1.0.2
    dev: false

  /@codemirror/lang-less@6.0.2(@codemirror/view@6.24.1):
    resolution: {integrity: sha512-EYdQTG22V+KUUk8Qq582g7FMnCZeEHsyuOJisHRft/mQ+ZSZ2w51NupvDUHiqtsOy7It5cHLPGfHQLpMh9bqpQ==}
    dependencies:
      '@codemirror/lang-css': 6.2.1(@codemirror/view@6.24.1)
      '@codemirror/language': 6.10.1
      '@lezer/common': 1.2.1
      '@lezer/highlight': 1.2.0
      '@lezer/lr': 1.4.0
    transitivePeerDependencies:
      - '@codemirror/view'
    dev: false

  /@codemirror/lang-liquid@6.2.1:
    resolution: {integrity: sha512-J1Mratcm6JLNEiX+U2OlCDTysGuwbHD76XwuL5o5bo9soJtSbz2g6RU3vGHFyS5DC8rgVmFSzi7i6oBftm7tnA==}
    dependencies:
      '@codemirror/autocomplete': 6.12.0(@codemirror/language@6.10.1)(@codemirror/state@6.4.1)(@codemirror/view@6.24.1)(@lezer/common@1.2.1)
      '@codemirror/lang-html': 6.4.8
      '@codemirror/language': 6.10.1
      '@codemirror/state': 6.4.1
      '@codemirror/view': 6.24.1
      '@lezer/common': 1.2.1
      '@lezer/highlight': 1.2.0
      '@lezer/lr': 1.4.0
    dev: false

  /@codemirror/lang-markdown@6.2.4:
    resolution: {integrity: sha512-UghkA1vSMs8bT7RSZM6vsIocigyah2bV00eRQuZy76401UmFZdsTsbQNBGdyxRQDOLeEvF5iFwap0BM8LKyd+g==}
    dependencies:
      '@codemirror/autocomplete': 6.12.0(@codemirror/language@6.10.1)(@codemirror/state@6.4.1)(@codemirror/view@6.24.1)(@lezer/common@1.2.1)
      '@codemirror/lang-html': 6.4.8
      '@codemirror/language': 6.10.1
      '@codemirror/state': 6.4.1
      '@codemirror/view': 6.24.1
      '@lezer/common': 1.2.1
      '@lezer/markdown': 1.2.0
    dev: false

  /@codemirror/lang-php@6.0.1:
    resolution: {integrity: sha512-ublojMdw/PNWa7qdN5TMsjmqkNuTBD3k6ndZ4Z0S25SBAiweFGyY68AS3xNcIOlb6DDFDvKlinLQ40vSLqf8xA==}
    dependencies:
      '@codemirror/lang-html': 6.4.8
      '@codemirror/language': 6.10.1
      '@codemirror/state': 6.4.1
      '@lezer/common': 1.2.1
      '@lezer/php': 1.0.2
    dev: false

  /@codemirror/lang-python@6.1.4(@codemirror/view@6.24.1):
    resolution: {integrity: sha512-b6d1TDqrkCjFNvMO01SWldFiDoZ39yl3tDMC1Y5f8glA2eZpynPxJhwYVTlGFr0stizcJgrp6ojLEGH2myoZAw==}
    dependencies:
      '@codemirror/autocomplete': 6.12.0(@codemirror/language@6.10.1)(@codemirror/state@6.4.1)(@codemirror/view@6.24.1)(@lezer/common@1.2.1)
      '@codemirror/language': 6.10.1
      '@codemirror/state': 6.4.1
      '@lezer/common': 1.2.1
      '@lezer/python': 1.1.11
    transitivePeerDependencies:
      - '@codemirror/view'
    dev: false

  /@codemirror/lang-rust@6.0.1:
    resolution: {integrity: sha512-344EMWFBzWArHWdZn/NcgkwMvZIWUR1GEBdwG8FEp++6o6vT6KL9V7vGs2ONsKxxFUPXKI0SPcWhyYyl2zPYxQ==}
    dependencies:
      '@codemirror/language': 6.10.1
      '@lezer/rust': 1.0.2
    dev: false

  /@codemirror/lang-sass@6.0.2(@codemirror/view@6.24.1):
    resolution: {integrity: sha512-l/bdzIABvnTo1nzdY6U+kPAC51czYQcOErfzQ9zSm9D8GmNPD0WTW8st/CJwBTPLO8jlrbyvlSEcN20dc4iL0Q==}
    dependencies:
      '@codemirror/lang-css': 6.2.1(@codemirror/view@6.24.1)
      '@codemirror/language': 6.10.1
      '@codemirror/state': 6.4.1
      '@lezer/common': 1.2.1
      '@lezer/sass': 1.0.4
    transitivePeerDependencies:
      - '@codemirror/view'
    dev: false

  /@codemirror/lang-sql@6.5.5(@codemirror/view@6.24.1):
    resolution: {integrity: sha512-DvOaP2RXLb2xlxJxxydTFfwyYw5YDqEFea6aAfgh9UH0kUD6J1KFZ0xPgPpw1eo/5s2w3L6uh5PVR7GM23GxkQ==}
    dependencies:
      '@codemirror/autocomplete': 6.12.0(@codemirror/language@6.10.1)(@codemirror/state@6.4.1)(@codemirror/view@6.24.1)(@lezer/common@1.2.1)
      '@codemirror/language': 6.10.1
      '@codemirror/state': 6.4.1
      '@lezer/common': 1.2.1
      '@lezer/highlight': 1.2.0
      '@lezer/lr': 1.4.0
    transitivePeerDependencies:
      - '@codemirror/view'
    dev: false

  /@codemirror/lang-vue@0.1.3:
    resolution: {integrity: sha512-QSKdtYTDRhEHCfo5zOShzxCmqKJvgGrZwDQSdbvCRJ5pRLWBS7pD/8e/tH44aVQT6FKm0t6RVNoSUWHOI5vNug==}
    dependencies:
      '@codemirror/lang-html': 6.4.8
      '@codemirror/lang-javascript': 6.2.2
      '@codemirror/language': 6.10.1
      '@lezer/common': 1.2.1
      '@lezer/highlight': 1.2.0
      '@lezer/lr': 1.4.0
    dev: false

  /@codemirror/lang-wast@6.0.2:
    resolution: {integrity: sha512-Imi2KTpVGm7TKuUkqyJ5NRmeFWF7aMpNiwHnLQe0x9kmrxElndyH0K6H/gXtWwY6UshMRAhpENsgfpSwsgmC6Q==}
    dependencies:
      '@codemirror/language': 6.10.1
      '@lezer/common': 1.2.1
      '@lezer/highlight': 1.2.0
      '@lezer/lr': 1.4.0
    dev: false

  /@codemirror/lang-xml@6.0.2(@codemirror/view@6.24.1):
    resolution: {integrity: sha512-JQYZjHL2LAfpiZI2/qZ/qzDuSqmGKMwyApYmEUUCTxLM4MWS7sATUEfIguZQr9Zjx/7gcdnewb039smF6nC2zw==}
    dependencies:
      '@codemirror/autocomplete': 6.12.0(@codemirror/language@6.10.1)(@codemirror/state@6.4.1)(@codemirror/view@6.24.1)(@lezer/common@1.2.1)
      '@codemirror/language': 6.10.1
      '@codemirror/state': 6.4.1
      '@lezer/common': 1.2.1
      '@lezer/xml': 1.0.4
    transitivePeerDependencies:
      - '@codemirror/view'
    dev: false

  /@codemirror/lang-yaml@6.0.0(@codemirror/view@6.24.1):
    resolution: {integrity: sha512-fVPapdX1oYr5HMC5bou1MHscGnNCvOHuhUW6C+V2gfIeIRcughvVfznV0OuUyHy0AdXoBCjOehjzFcmLRumu2Q==}
    dependencies:
      '@codemirror/autocomplete': 6.12.0(@codemirror/language@6.10.1)(@codemirror/state@6.4.1)(@codemirror/view@6.24.1)(@lezer/common@1.2.1)
      '@codemirror/language': 6.10.1
      '@codemirror/state': 6.4.1
      '@lezer/common': 1.2.1
      '@lezer/yaml': 1.0.2
    transitivePeerDependencies:
      - '@codemirror/view'
    dev: false

  /@codemirror/language-data@6.4.1(@codemirror/view@6.24.1):
    resolution: {integrity: sha512-NYhC3NvEMwUxSWS1sB5AePUtr5g2ASSYOZ37YixicDG8PWHslDV9mmXIX0KvmtEm50V8FT4F5i4HAsk/7i78LA==}
    dependencies:
      '@codemirror/lang-angular': 0.1.3
      '@codemirror/lang-cpp': 6.0.2
      '@codemirror/lang-css': 6.2.1(@codemirror/view@6.24.1)
      '@codemirror/lang-html': 6.4.8
      '@codemirror/lang-java': 6.0.1
      '@codemirror/lang-javascript': 6.2.2
      '@codemirror/lang-json': 6.0.1
      '@codemirror/lang-less': 6.0.2(@codemirror/view@6.24.1)
      '@codemirror/lang-liquid': 6.2.1
      '@codemirror/lang-markdown': 6.2.4
      '@codemirror/lang-php': 6.0.1
      '@codemirror/lang-python': 6.1.4(@codemirror/view@6.24.1)
      '@codemirror/lang-rust': 6.0.1
      '@codemirror/lang-sass': 6.0.2(@codemirror/view@6.24.1)
      '@codemirror/lang-sql': 6.5.5(@codemirror/view@6.24.1)
      '@codemirror/lang-vue': 0.1.3
      '@codemirror/lang-wast': 6.0.2
      '@codemirror/lang-xml': 6.0.2(@codemirror/view@6.24.1)
      '@codemirror/lang-yaml': 6.0.0(@codemirror/view@6.24.1)
      '@codemirror/language': 6.10.1
      '@codemirror/legacy-modes': 6.3.3
    transitivePeerDependencies:
      - '@codemirror/view'
    dev: false

  /@codemirror/language@6.10.1:
    resolution: {integrity: sha512-5GrXzrhq6k+gL5fjkAwt90nYDmjlzTIJV8THnxNFtNKWotMIlzzN+CpqxqwXOECnUdOndmSeWntVrVcv5axWRQ==}
    dependencies:
      '@codemirror/state': 6.4.1
      '@codemirror/view': 6.24.1
      '@lezer/common': 1.2.1
      '@lezer/highlight': 1.2.0
      '@lezer/lr': 1.4.0
      style-mod: 4.1.1
    dev: false

  /@codemirror/legacy-modes@6.3.3:
    resolution: {integrity: sha512-X0Z48odJ0KIoh/HY8Ltz75/4tDYc9msQf1E/2trlxFaFFhgjpVHjZ/BCXe1Lk7s4Gd67LL/CeEEHNI+xHOiESg==}
    dependencies:
      '@codemirror/language': 6.10.1
    dev: false

  /@codemirror/lint@6.5.0:
    resolution: {integrity: sha512-+5YyicIaaAZKU8K43IQi8TBy6mF6giGeWAH7N96Z5LC30Wm5JMjqxOYIE9mxwMG1NbhT2mA3l9hA4uuKUM3E5g==}
    dependencies:
      '@codemirror/state': 6.4.1
      '@codemirror/view': 6.24.1
      crelt: 1.0.6
    dev: false

  /@codemirror/search@6.5.6:
    resolution: {integrity: sha512-rpMgcsh7o0GuCDUXKPvww+muLA1pDJaFrpq/CCHtpQJYz8xopu4D1hPcKRoDD0YlF8gZaqTNIRa4VRBWyhyy7Q==}
    dependencies:
      '@codemirror/state': 6.4.1
      '@codemirror/view': 6.24.1
      crelt: 1.0.6
    dev: false

  /@codemirror/state@6.4.1:
    resolution: {integrity: sha512-QkEyUiLhsJoZkbumGZlswmAhA7CBU02Wrz7zvH4SrcifbsqwlXShVXg65f3v/ts57W3dqyamEriMhij1Z3Zz4A==}
    dev: false

  /@codemirror/theme-one-dark@6.1.2:
    resolution: {integrity: sha512-F+sH0X16j/qFLMAfbciKTxVOwkdAS336b7AXTKOZhy8BR3eH/RelsnLgLFINrpST63mmN2OuwUt0W2ndUgYwUA==}
    dependencies:
      '@codemirror/language': 6.10.1
      '@codemirror/state': 6.4.1
      '@codemirror/view': 6.24.1
      '@lezer/highlight': 1.2.0
    dev: false

  /@codemirror/view@6.24.1:
    resolution: {integrity: sha512-sBfP4rniPBRQzNakwuQEqjEuiJDWJyF2kqLLqij4WXRoVwPPJfjx966Eq3F7+OPQxDtMt/Q9MWLoZLWjeveBlg==}
    dependencies:
      '@codemirror/state': 6.4.1
      style-mod: 4.1.1
      w3c-keyname: 2.2.8
    dev: false

  /@lezer/common@1.2.1:
    resolution: {integrity: sha512-yemX0ZD2xS/73llMZIK6KplkjIjf2EvAHcinDi/TfJ9hS25G0388+ClHt6/3but0oOxinTcQHJLDXh6w1crzFQ==}
    dev: false

  /@lezer/cpp@1.1.2:
    resolution: {integrity: sha512-macwKtyeUO0EW86r3xWQCzOV9/CF8imJLpJlPv3sDY57cPGeUZ8gXWOWNlJr52TVByMV3PayFQCA5SHEERDmVQ==}
    dependencies:
      '@lezer/common': 1.2.1
      '@lezer/highlight': 1.2.0
      '@lezer/lr': 1.4.0
    dev: false

  /@lezer/css@1.1.8:
    resolution: {integrity: sha512-7JhxupKuMBaWQKjQoLtzhGj83DdnZY9MckEOG5+/iLKNK2ZJqKc6hf6uc0HjwCX7Qlok44jBNqZhHKDhEhZYLA==}
    dependencies:
      '@lezer/common': 1.2.1
      '@lezer/highlight': 1.2.0
      '@lezer/lr': 1.4.0
    dev: false

  /@lezer/highlight@1.2.0:
    resolution: {integrity: sha512-WrS5Mw51sGrpqjlh3d4/fOwpEV2Hd3YOkp9DBt4k8XZQcoTHZFB7sx030A6OcahF4J1nDQAa3jXlTVVYH50IFA==}
    dependencies:
      '@lezer/common': 1.2.1
    dev: false

  /@lezer/html@1.3.9:
    resolution: {integrity: sha512-MXxeCMPyrcemSLGaTQEZx0dBUH0i+RPl8RN5GwMAzo53nTsd/Unc/t5ZxACeQoyPUM5/GkPLRUs2WliOImzkRA==}
    dependencies:
      '@lezer/common': 1.2.1
      '@lezer/highlight': 1.2.0
      '@lezer/lr': 1.4.0
    dev: false

  /@lezer/java@1.1.1:
    resolution: {integrity: sha512-mt3dX13fRlpY7RlWELYRakanXgmwXsLRCrhstrn+c1sZd7jR2xle46/3heoxGd+oHxnuTnpoyXTyxcLJQs9+mQ==}
    dependencies:
      '@lezer/common': 1.2.1
      '@lezer/highlight': 1.2.0
      '@lezer/lr': 1.4.0
    dev: false

  /@lezer/javascript@1.4.13:
    resolution: {integrity: sha512-5IBr8LIO3xJdJH1e9aj/ZNLE4LSbdsx25wFmGRAZsj2zSmwAYjx26JyU/BYOCpRQlu1jcv1z3vy4NB9+UkfRow==}
    dependencies:
      '@lezer/common': 1.2.1
      '@lezer/highlight': 1.2.0
      '@lezer/lr': 1.4.0
    dev: false

  /@lezer/json@1.0.2:
    resolution: {integrity: sha512-xHT2P4S5eeCYECyKNPhr4cbEL9tc8w83SPwRC373o9uEdrvGKTZoJVAGxpOsZckMlEh9W23Pc72ew918RWQOBQ==}
    dependencies:
      '@lezer/common': 1.2.1
      '@lezer/highlight': 1.2.0
      '@lezer/lr': 1.4.0
    dev: false

  /@lezer/lr@1.4.0:
    resolution: {integrity: sha512-Wst46p51km8gH0ZUmeNrtpRYmdlRHUpN1DQd3GFAyKANi8WVz8c2jHYTf1CVScFaCjQw1iO3ZZdqGDxQPRErTg==}
    dependencies:
      '@lezer/common': 1.2.1
    dev: false

  /@lezer/markdown@1.2.0:
    resolution: {integrity: sha512-d7MwsfAukZJo1GpPrcPGa3MxaFFOqNp0gbqF+3F7pTeNDOgeJN1muXzx1XXDPt+Ac+/voCzsH7qXqnn+xReG/g==}
    dependencies:
      '@lezer/common': 1.2.1
      '@lezer/highlight': 1.2.0
    dev: false

  /@lezer/php@1.0.2:
    resolution: {integrity: sha512-GN7BnqtGRpFyeoKSEqxvGvhJQiI4zkgmYnDk/JIyc7H7Ifc1tkPnUn/R2R8meH3h/aBf5rzjvU8ZQoyiNDtDrA==}
    dependencies:
      '@lezer/common': 1.2.1
      '@lezer/highlight': 1.2.0
      '@lezer/lr': 1.4.0
    dev: false

  /@lezer/python@1.1.11:
    resolution: {integrity: sha512-C3QeLCcdAKJDUOsYjfFP6a1wdn8jhUNX200bgFm8TpKH1eM2PlgYQS5ugw6E38qGeEx7CP21I1Q52SoybXt0OQ==}
    dependencies:
      '@lezer/common': 1.2.1
      '@lezer/highlight': 1.2.0
      '@lezer/lr': 1.4.0
    dev: false

  /@lezer/rust@1.0.2:
    resolution: {integrity: sha512-Lz5sIPBdF2FUXcWeCu1//ojFAZqzTQNRga0aYv6dYXqJqPfMdCAI0NzajWUd4Xijj1IKJLtjoXRPMvTKWBcqKg==}
    dependencies:
      '@lezer/common': 1.2.1
      '@lezer/highlight': 1.2.0
      '@lezer/lr': 1.4.0
    dev: false

  /@lezer/sass@1.0.4:
    resolution: {integrity: sha512-AqW4myvp73sbMk6y0+gJrMjN5xtqFZzqTftzO3YcO8gSL5d3pymIP3deQllAI8+s1ZoSzH6kD4hsoFLpkD9Kfg==}
    dependencies:
      '@lezer/common': 1.2.1
      '@lezer/highlight': 1.2.0
      '@lezer/lr': 1.4.0
    dev: false

  /@lezer/xml@1.0.4:
    resolution: {integrity: sha512-WmXKb5eX8+rRfZYSNRR5TPee/ZoDgBdVS/rj1VCJGDKa5gNldIctQYibCoFVyNhvZsyL/8nHbZJZPM4gnXN2Vw==}
    dependencies:
      '@lezer/common': 1.2.1
      '@lezer/highlight': 1.2.0
      '@lezer/lr': 1.4.0
    dev: false

  /@lezer/yaml@1.0.2:
    resolution: {integrity: sha512-XCkwuxe+eumJ28nA9e1S6XKsXz9W7V/AG+WBiWOtiIuUpKcZ/bHuvN8bLxSDREIcybSRpEd/jvphh4vgm6Ed2g==}
    dependencies:
      '@lezer/common': 1.2.1
      '@lezer/highlight': 1.2.0
      '@lezer/lr': 1.4.0
    dev: false

  /@uiw/codemirror-extensions-basic-setup@4.21.24(@codemirror/autocomplete@6.12.0)(@codemirror/commands@6.3.3)(@codemirror/language@6.10.1)(@codemirror/lint@6.5.0)(@codemirror/search@6.5.6)(@codemirror/state@6.4.1)(@codemirror/view@6.24.1):
    resolution: {integrity: sha512-TJYKlPxNAVJNclW1EGumhC7I02jpdMgBon4jZvb5Aju9+tUzS44IwORxUx8BD8ZtH2UHmYS+04rE3kLk/BtnCQ==}
    peerDependencies:
      '@codemirror/autocomplete': '>=6.0.0'
      '@codemirror/commands': '>=6.0.0'
      '@codemirror/language': '>=6.0.0'
      '@codemirror/lint': '>=6.0.0'
      '@codemirror/search': '>=6.0.0'
      '@codemirror/state': '>=6.0.0'
      '@codemirror/view': '>=6.0.0'
    dependencies:
      '@codemirror/autocomplete': 6.12.0(@codemirror/language@6.10.1)(@codemirror/state@6.4.1)(@codemirror/view@6.24.1)(@lezer/common@1.2.1)
      '@codemirror/commands': 6.3.3
      '@codemirror/language': 6.10.1
      '@codemirror/lint': 6.5.0
      '@codemirror/search': 6.5.6
      '@codemirror/state': 6.4.1
      '@codemirror/view': 6.24.1
    dev: false

  /@uiw/codemirror-theme-dracula@4.21.24(@codemirror/language@6.10.1)(@codemirror/state@6.4.1)(@codemirror/view@6.24.1):
    resolution: {integrity: sha512-lKtOdyndAuESY5K69YXoac7dzo+9y5bM2XLNUamOfyhCnwRJGWOODjiuw18kd5gs5V7R6KPFgw1BiaB/cbmP5g==}
    dependencies:
      '@uiw/codemirror-themes': 4.21.24(@codemirror/language@6.10.1)(@codemirror/state@6.4.1)(@codemirror/view@6.24.1)
    transitivePeerDependencies:
      - '@codemirror/language'
      - '@codemirror/state'
      - '@codemirror/view'
    dev: false

  /@uiw/codemirror-themes@4.21.24(@codemirror/language@6.10.1)(@codemirror/state@6.4.1)(@codemirror/view@6.24.1):
    resolution: {integrity: sha512-InY24KWP8YArDBACWHKFZ6ZU+WCvRHf3ZB2cCVxMVN35P1ANUmRzpAP2ernZQ5OIriL1/A/kXgD0Zg3Y65PNgg==}
    peerDependencies:
      '@codemirror/language': '>=6.0.0'
      '@codemirror/state': '>=6.0.0'
      '@codemirror/view': '>=6.0.0'
    dependencies:
      '@codemirror/language': 6.10.1
      '@codemirror/state': 6.4.1
      '@codemirror/view': 6.24.1
    dev: false

  /@uiw/react-codemirror@4.21.24(@babel/runtime@7.24.0)(@codemirror/autocomplete@6.12.0)(@codemirror/language@6.10.1)(@codemirror/lint@6.5.0)(@codemirror/search@6.5.6)(@codemirror/state@6.4.1)(@codemirror/theme-one-dark@6.1.2)(@codemirror/view@6.24.1)(codemirror@6.0.1)(react-dom@18.2.0)(react@18.2.0):
    resolution: {integrity: sha512-8zs5OuxbhikHocHBsVBMuW1vqlv4ccZAkt4rFwr7ebLP2Q6RwHsjpsR9GeGyAigAqonKRoeHugqF78UMrkaTgg==}
    peerDependencies:
      '@babel/runtime': '>=7.11.0'
      '@codemirror/state': '>=6.0.0'
      '@codemirror/theme-one-dark': '>=6.0.0'
      '@codemirror/view': '>=6.0.0'
      codemirror: '>=6.0.0'
      react: '>=16.8.0'
      react-dom: '>=16.8.0'
    dependencies:
      '@babel/runtime': 7.24.0
      '@codemirror/commands': 6.3.3
      '@codemirror/state': 6.4.1
      '@codemirror/theme-one-dark': 6.1.2
      '@codemirror/view': 6.24.1
      '@uiw/codemirror-extensions-basic-setup': 4.21.24(@codemirror/autocomplete@6.12.0)(@codemirror/commands@6.3.3)(@codemirror/language@6.10.1)(@codemirror/lint@6.5.0)(@codemirror/search@6.5.6)(@codemirror/state@6.4.1)(@codemirror/view@6.24.1)
      codemirror: 6.0.1(@lezer/common@1.2.1)
      react: 18.2.0
      react-dom: 18.2.0(react@18.2.0)
    transitivePeerDependencies:
      - '@codemirror/autocomplete'
      - '@codemirror/language'
      - '@codemirror/lint'
      - '@codemirror/search'
    dev: false

  /codemirror@6.0.1(@lezer/common@1.2.1):
    resolution: {integrity: sha512-J8j+nZ+CdWmIeFIGXEFbFPtpiYacFMDR8GlHK3IyHQJMCaVRfGx9NT+Hxivv1ckLWPvNdZqndbr/7lVhrf/Svg==}
    dependencies:
      '@codemirror/autocomplete': 6.12.0(@codemirror/language@6.10.1)(@codemirror/state@6.4.1)(@codemirror/view@6.24.1)(@lezer/common@1.2.1)
      '@codemirror/commands': 6.3.3
      '@codemirror/language': 6.10.1
      '@codemirror/lint': 6.5.0
      '@codemirror/search': 6.5.6
      '@codemirror/state': 6.4.1
      '@codemirror/view': 6.24.1
    transitivePeerDependencies:
      - '@lezer/common'
    dev: false

  /crelt@1.0.6:
    resolution: {integrity: sha512-VQ2MBenTq1fWZUH9DJNGti7kKv6EeAuYr3cLwxUWhIu1baTaXh4Ib5W2CqHVqib4/MqbYGJqiL3Zb8GJZr3l4g==}
    dev: false

  /js-tokens@4.0.0:
    resolution: {integrity: sha512-RdJUflcE3cUzKiMqQgsCu06FPu9UdIJO0beYbPhHN4k6apgJtifcoCtT9bcxOpYBtpD2kCM6Sbzg4CausW/PKQ==}
    dev: false

  /loose-envify@1.4.0:
    resolution: {integrity: sha512-lyuxPGr/Wfhrlem2CL/UcnUc1zcqKAImBDzukY7Y5F/yQiNdko6+fRLevlw1HgMySw7f611UIY408EtxRSoK3Q==}
    hasBin: true
    dependencies:
      js-tokens: 4.0.0
    dev: false

  /react-dom@18.2.0(react@18.2.0):
    resolution: {integrity: sha512-6IMTriUmvsjHUjNtEDudZfuDQUoWXVxKHhlEGSk81n4YFS+r/Kl99wXiwlVXtPBtJenozv2P+hxDsw9eA7Xo6g==}
    peerDependencies:
      react: ^18.2.0
    dependencies:
      loose-envify: 1.4.0
      react: 18.2.0
      scheduler: 0.23.0
    dev: false

  /react@18.2.0:
    resolution: {integrity: sha512-/3IjMdb2L9QbBdWiW5e3P2/npwMBaU9mHCSCUzNln0ZCYbcfTsGbTJrU/kGemdH2IWmB2ioZ+zkxtmq6g09fGQ==}
    engines: {node: '>=0.10.0'}
    dependencies:
      loose-envify: 1.4.0
    dev: false

  /regenerator-runtime@0.14.1:
    resolution: {integrity: sha512-dYnhHh0nJoMfnkZs6GmmhFknAGRrLznOu5nc9ML+EJxGvrx6H7teuevqVqCuPcPK//3eDrrjQhehXVx9cnkGdw==}
    dev: false

  /scheduler@0.23.0:
    resolution: {integrity: sha512-CtuThmgHNg7zIZWAXi3AsyIzA3n4xx7aNyjwC2VJldO2LMVDhFK+63xGqq6CsJH4rTAt6/M+N4GhZiDYPx9eUw==}
    dependencies:
      loose-envify: 1.4.0
    dev: false

  /style-mod@4.1.1:
    resolution: {integrity: sha512-nFSNaYG2I8jgB3GZ67q7WjnHlZBzyX5OKgx89k6JkPlaNoyMlRstdBvWgo95qRgUa6tUuvpt4zZM6KWCj+oU6Q==}
    dev: false

  /w3c-keyname@2.2.8:
    resolution: {integrity: sha512-dpojBhNsCNN7T82Tm7k26A6G9ML3NkhDsnw9n/eoxSRlVBB4CEtIQ/KTCLI2Fwf3ataSXRhYFkQi3SlnFwPvPQ==}
    dev: false
